
Microsoft Visual Studio Solution File, Format Version 12.00
# Visual Studio Version 17
VisualStudioVersion = 17.14.36518.9
MinimumVisualStudioVersion = 10.0.40219.1
Project("{2150E333-8FDC-42A3-9474-1A3956D46DE8}") = "Services", "Services", "{02EA681E-C7D8-13C7-8484-4AC65E1B71E8}"
EndProject
Project("{2150E333-8FDC-42A3-9474-1A3956D46DE8}") = "Catalog", "Catalog", "{0088CD1C-CF75-411C-B1BC-C984F8F151F6}"
EndProject
Project("{FAE04EC0-301F-11D3-BF4B-00C04F79EFBC}") = "MultiShop.Catalog", "Services\Catalog\MultiShop.Catalog\MultiShop.Catalog.csproj", "{3CB789D8-3EAF-404C-9708-B18965572954}"
EndProject
Project("{2150E333-8FDC-42A3-9474-1A3956D46DE8}") = "Discount", "Discount", "{3F1A1629-0108-4135-B86F-10D2EF67229F}"
EndProject
Project("{FAE04EC0-301F-11D3-BF4B-00C04F79EFBC}") = "MultiShop.Discount", "Services\Discount\MultiShop.Discount\MultiShop.Discount.csproj", "{1EC3D6A7-6D51-4A48-AEEC-BA02E4D1FD66}"
EndProject
Project("{2150E333-8FDC-42A3-9474-1A3956D46DE8}") = "Order", "Order", "{7C4EB23F-89C1-4248-8F63-A6ED986D61D5}"
EndProject
Project("{2150E333-8FDC-42A3-9474-1A3956D46DE8}") = "Core", "Core", "{576F6A7A-04AF-474D-ACE5-11F1D5A0FEEA}"
EndProject
Project("{2150E333-8FDC-42A3-9474-1A3956D46DE8}") = "Infrastructure", "Infrastructure", "{6886D603-4C9D-40E8-80A6-144F5B768FF0}"
EndProject
Project("{2150E333-8FDC-42A3-9474-1A3956D46DE8}") = "Presentation", "Presentation", "{CDB1DBD3-E069-4F2E-9FC8-B51626BA49B7}"
EndProject
Project("{FAE04EC0-301F-11D3-BF4B-00C04F79EFBC}") = "MultiShop.Order.Domain", "Services\Order\Core\MultiShop.Order.Domain\MultiShop.Order.Domain.csproj", "{6E22E3FD-E6B0-4B2D-A336-EC732C5A6AC2}"
EndProject
Project("{FAE04EC0-301F-11D3-BF4B-00C04F79EFBC}") = "MultiShop.Order.Application", "Services\Order\Core\MultiShop.Order.Application\MultiShop.Order.Application.csproj", "{5D9B06D0-FBE4-4813-B984-649658998196}"
EndProject
Project("{FAE04EC0-301F-11D3-BF4B-00C04F79EFBC}") = "MultiShop.Order.Persistence", "Services\Order\Infrastructure\MultiShop.Order.Persistence\MultiShop.Order.Persistence.csproj", "{2E4F8DBD-DC83-4D32-825B-883A23EC8E2E}"
EndProject
Project("{FAE04EC0-301F-11D3-BF4B-00C04F79EFBC}") = "MultiShop.Order.WebApi", "Services\Order\Presentation\MultiShop.Order.WebApi\MultiShop.Order.WebApi.csproj", "{2BEDAB4D-78E2-423E-B78E-EA4753CBDCEA}"
EndProject
Global
	GlobalSection(SolutionConfigurationPlatforms) = preSolution
		Debug|Any CPU = Debug|Any CPU
		Release|Any CPU = Release|Any CPU
	EndGlobalSection
	GlobalSection(ProjectConfigurationPlatforms) = postSolution
		{3CB789D8-3EAF-404C-9708-B18965572954}.Debug|Any CPU.ActiveCfg = Debug|Any CPU
		{3CB789D8-3EAF-404C-9708-B18965572954}.Debug|Any CPU.Build.0 = Debug|Any CPU
		{3CB789D8-3EAF-404C-9708-B18965572954}.Release|Any CPU.ActiveCfg = Release|Any CPU
		{3CB789D8-3EAF-404C-9708-B18965572954}.Release|Any CPU.Build.0 = Release|Any CPU
		{1EC3D6A7-6D51-4A48-AEEC-BA02E4D1FD66}.Debug|Any CPU.ActiveCfg = Debug|Any CPU
		{1EC3D6A7-6D51-4A48-AEEC-BA02E4D1FD66}.Debug|Any CPU.Build.0 = Debug|Any CPU
		{1EC3D6A7-6D51-4A48-AEEC-BA02E4D1FD66}.Release|Any CPU.ActiveCfg = Release|Any CPU
		{1EC3D6A7-6D51-4A48-AEEC-BA02E4D1FD66}.Release|Any CPU.Build.0 = Release|Any CPU
		{6E22E3FD-E6B0-4B2D-A336-EC732C5A6AC2}.Debug|Any CPU.ActiveCfg = Debug|Any CPU
		{6E22E3FD-E6B0-4B2D-A336-EC732C5A6AC2}.Debug|Any CPU.Build.0 = Debug|Any CPU
		{6E22E3FD-E6B0-4B2D-A336-EC732C5A6AC2}.Release|Any CPU.ActiveCfg = Release|Any CPU
		{6E22E3FD-E6B0-4B2D-A336-EC732C5A6AC2}.Release|Any CPU.Build.0 = Release|Any CPU
		{5D9B06D0-FBE4-4813-B984-649658998196}.Debug|Any CPU.ActiveCfg = Debug|Any CPU
		{5D9B06D0-FBE4-4813-B984-649658998196}.Debug|Any CPU.Build.0 = Debug|Any CPU
		{5D9B06D0-FBE4-4813-B984-649658998196}.Release|Any CPU.ActiveCfg = Release|Any CPU
		{5D9B06D0-FBE4-4813-B984-649658998196}.Release|Any CPU.Build.0 = Release|Any CPU
		{2E4F8DBD-DC83-4D32-825B-883A23EC8E2E}.Debug|Any CPU.ActiveCfg = Debug|Any CPU
		{2E4F8DBD-DC83-4D32-825B-883A23EC8E2E}.Debug|Any CPU.Build.0 = Debug|Any CPU
		{2E4F8DBD-DC83-4D32-825B-883A23EC8E2E}.Release|Any CPU.ActiveCfg = Release|Any CPU
		{2E4F8DBD-DC83-4D32-825B-883A23EC8E2E}.Release|Any CPU.Build.0 = Release|Any CPU
		{2BEDAB4D-78E2-423E-B78E-EA4753CBDCEA}.Debug|Any CPU.ActiveCfg = Debug|Any CPU
		{2BEDAB4D-78E2-423E-B78E-EA4753CBDCEA}.Debug|Any CPU.Build.0 = Debug|Any CPU
		{2BEDAB4D-78E2-423E-B78E-EA4753CBDCEA}.Release|Any CPU.ActiveCfg = Release|Any CPU
		{2BEDAB4D-78E2-423E-B78E-EA4753CBDCEA}.Release|Any CPU.Build.0 = Release|Any CPU
	EndGlobalSection
	GlobalSection(SolutionProperties) = preSolution
		HideSolutionNode = FALSE
	EndGlobalSection
	GlobalSection(NestedProjects) = preSolution
		{0088CD1C-CF75-411C-B1BC-C984F8F151F6} = {02EA681E-C7D8-13C7-8484-4AC65E1B71E8}
		{3CB789D8-3EAF-404C-9708-B18965572954} = {0088CD1C-CF75-411C-B1BC-C984F8F151F6}
		{3F1A1629-0108-4135-B86F-10D2EF67229F} = {02EA681E-C7D8-13C7-8484-4AC65E1B71E8}
		{1EC3D6A7-6D51-4A48-AEEC-BA02E4D1FD66} = {3F1A1629-0108-4135-B86F-10D2EF67229F}
		{7C4EB23F-89C1-4248-8F63-A6ED986D61D5} = {02EA681E-C7D8-13C7-8484-4AC65E1B71E8}
		{576F6A7A-04AF-474D-ACE5-11F1D5A0FEEA} = {7C4EB23F-89C1-4248-8F63-A6ED986D61D5}
		{6886D603-4C9D-40E8-80A6-144F5B768FF0} = {7C4EB23F-89C1-4248-8F63-A6ED986D61D5}
		{CDB1DBD3-E069-4F2E-9FC8-B51626BA49B7} = {7C4EB23F-89C1-4248-8F63-A6ED986D61D5}
		{6E22E3FD-E6B0-4B2D-A336-EC732C5A6AC2} = {576F6A7A-04AF-474D-ACE5-11F1D5A0FEEA}
		{5D9B06D0-FBE4-4813-B984-649658998196} = {576F6A7A-04AF-474D-ACE5-11F1D5A0FEEA}
		{2E4F8DBD-DC83-4D32-825B-883A23EC8E2E} = {6886D603-4C9D-40E8-80A6-144F5B768FF0}
		{2BEDAB4D-78E2-423E-B78E-EA4753CBDCEA} = {CDB1DBD3-E069-4F2E-9FC8-B51626BA49B7}
	EndGlobalSection
	GlobalSection(ExtensibilityGlobals) = postSolution
		SolutionGuid = {22C3EAE6-7C9C-498D-B2F0-67346ACD6409}
	EndGlobalSection
EndGlobal
